
Microsoft Visual Studio Solution File, Format Version 12.00
# Visual Studio Version 17
VisualStudioVersion = 17.8.34511.84
MinimumVisualStudioVersion = 10.0.40219.1
Project("{FAE04EC0-301F-11D3-BF4B-00C04F79EFBC}") = "ASPCORE_JWT_Authentication", "ASPCORE_JWT_Authentication\ASPCORE_JWT_Authentication.csproj", "{70AC1B19-21A4-4160-8749-1D2FCA5115EC}"
EndProject
Global
	GlobalSection(SolutionConfigurationPlatforms) = preSolution
		Debug|Any CPU = Debug|Any CPU
		Release|Any CPU = Release|Any CPU
	EndGlobalSection
	GlobalSection(ProjectConfigurationPlatforms) = postSolution
		{70AC1B19-21A4-4160-8749-1D2FCA5115EC}.Debug|Any CPU.ActiveCfg = Debug|Any CPU
		{70AC1B19-21A4-4160-8749-1D2FCA5115EC}.Debug|Any CPU.Build.0 = Debug|Any CPU
		{70AC1B19-21A4-4160-8749-1D2FCA5115EC}.Release|Any CPU.ActiveCfg = Release|Any CPU
		{70AC1B19-21A4-4160-8749-1D2FCA5115EC}.Release|Any CPU.Build.0 = Release|Any CPU
	EndGlobalSection
	GlobalSection(SolutionProperties) = preSolution
		HideSolutionNode = FALSE
	EndGlobalSection
	GlobalSection(ExtensibilityGlobals) = postSolution
		SolutionGuid = {26F4606F-DD36-4EA6-8ED9-7903BDACC5A6}
	EndGlobalSection
EndGlobal
